<?xml version="1.0" encoding="utf-8"?>
<Project ToolsVersion="4.0" xmlns="http://schemas.microsoft.com/developer/msbuild/2003">
  <ItemGroup>
    <ClCompile Include="BoundingBox.cpp" />
    <ClCompile Include="main.cpp" />
    <ClCompile Include="mesh.cpp" />
    <ClCompile Include="raytracing.cpp" />
  </ItemGroup>
  <ItemGroup>
    <ClInclude Include="BoundingBox.h" />
    <ClInclude Include="imageWriter.h" />
    <ClInclude Include="matrix.h" />
    <ClInclude Include="mesh.h" />
    <ClInclude Include="raytracing.h" />
    <ClInclude Include="traqueboule.h" />
    <ClInclude Include="Vec3D.h" />
    <ClInclude Include="Vertex.h" />
  </ItemGroup>
  <ItemGroup>
    <None Include="packages.config" />
  </ItemGroup>
</Project>